
Microsoft Visual Studio Solution File, Format Version 12.00
# Visual Studio Version 17
VisualStudioVersion = 17.2.32630.192
MinimumVisualStudioVersion = 10.0.40219.1
Project("{9A19103F-16F7-4668-BE54-9A1E7A4F7556}") = "UserWallet", "UserWallet\UserWallet.csproj", "{E9AB77E2-E3AE-4611-81F9-FA4E3E50837C}"
EndProject
Project("{FAE04EC0-301F-11D3-BF4B-00C04F79EFBC}") = "UserWallet.Services", "UserWallet.Services\UserWallet.Services.csproj", "{C84B2E16-D25E-4384-BC47-FD15B831C288}"
EndProject
Project("{FAE04EC0-301F-11D3-BF4B-00C04F79EFBC}") = "UserWallet.Data", "UserWallet.Data\UserWallet.Data.csproj", "{B2F28F9E-67C3-4224-864F-785E4EAE2CF6}"
EndProject
Global
	GlobalSection(SolutionConfigurationPlatforms) = preSolution
		Debug|Any CPU = Debug|Any CPU
		Release|Any CPU = Release|Any CPU
	EndGlobalSection
	GlobalSection(ProjectConfigurationPlatforms) = postSolution
		{E9AB77E2-E3AE-4611-81F9-FA4E3E50837C}.Debug|Any CPU.ActiveCfg = Debug|Any CPU
		{E9AB77E2-E3AE-4611-81F9-FA4E3E50837C}.Debug|Any CPU.Build.0 = Debug|Any CPU
		{E9AB77E2-E3AE-4611-81F9-FA4E3E50837C}.Release|Any CPU.ActiveCfg = Release|Any CPU
		{E9AB77E2-E3AE-4611-81F9-FA4E3E50837C}.Release|Any CPU.Build.0 = Release|Any CPU
		{C84B2E16-D25E-4384-BC47-FD15B831C288}.Debug|Any CPU.ActiveCfg = Debug|Any CPU
		{C84B2E16-D25E-4384-BC47-FD15B831C288}.Debug|Any CPU.Build.0 = Debug|Any CPU
		{C84B2E16-D25E-4384-BC47-FD15B831C288}.Release|Any CPU.ActiveCfg = Release|Any CPU
		{C84B2E16-D25E-4384-BC47-FD15B831C288}.Release|Any CPU.Build.0 = Release|Any CPU
		{B2F28F9E-67C3-4224-864F-785E4EAE2CF6}.Debug|Any CPU.ActiveCfg = Debug|Any CPU
		{B2F28F9E-67C3-4224-864F-785E4EAE2CF6}.Debug|Any CPU.Build.0 = Debug|Any CPU
		{B2F28F9E-67C3-4224-864F-785E4EAE2CF6}.Release|Any CPU.ActiveCfg = Release|Any CPU
		{B2F28F9E-67C3-4224-864F-785E4EAE2CF6}.Release|Any CPU.Build.0 = Release|Any CPU
	EndGlobalSection
	GlobalSection(SolutionProperties) = preSolution
		HideSolutionNode = FALSE
	EndGlobalSection
	GlobalSection(ExtensibilityGlobals) = postSolution
		SolutionGuid = {91308536-67F0-4EA2-87F4-083A1AEEC94D}
	EndGlobalSection
EndGlobal
